
Microsoft Visual Studio Solution File, Format Version 12.00
# Visual Studio Version 16
VisualStudioVersion = 16.0.31624.102
MinimumVisualStudioVersion = 10.0.40219.1
Project("{FAE04EC0-301F-11D3-BF4B-00C04F79EFBC}") = "recount", "recount.csproj", "{2026A5E6-AE12-4FE3-B08F-80A2576B7D6A}"
EndProject
Global
	GlobalSection(SolutionConfigurationPlatforms) = preSolution
		Debug|Any CPU = Debug|Any CPU
		Release|Any CPU = Release|Any CPU
	EndGlobalSection
	GlobalSection(ProjectConfigurationPlatforms) = postSolution
		{2026A5E6-AE12-4FE3-B08F-80A2576B7D6A}.Debug|Any CPU.ActiveCfg = Debug|Any CPU
		{2026A5E6-AE12-4FE3-B08F-80A2576B7D6A}.Debug|Any CPU.Build.0 = Debug|Any CPU
		{2026A5E6-AE12-4FE3-B08F-80A2576B7D6A}.Release|Any CPU.ActiveCfg = Release|Any CPU
		{2026A5E6-AE12-4FE3-B08F-80A2576B7D6A}.Release|Any CPU.Build.0 = Release|Any CPU
	EndGlobalSection
	GlobalSection(SolutionProperties) = preSolution
		HideSolutionNode = FALSE
	EndGlobalSection
	GlobalSection(ExtensibilityGlobals) = postSolution
		SolutionGuid = {D3E4A8D1-FA73-4A92-915E-B31482459884}
	EndGlobalSection
EndGlobal
